Microsoft Visual Studio Solution File, Format Version 12.00
# Visual Studio Version 17
VisualStudioVersion = 17.5.2.0
MinimumVisualStudioVersion = 10.0.40219.1
Project("{FAE04EC0-301F-11D3-BF4B-00C04F79EFBC}") = "AgendaCompromissoPOO", "AgendaCompromissoPOO.csproj", "{4BFDF18F-6716-B75B-B295-9B20BB4AC197}"
EndProject
Global
	GlobalSection(SolutionConfigurationPlatforms) = preSolution
		Debug|Any CPU = Debug|Any CPU
		Release|Any CPU = Release|Any CPU
	EndGlobalSection
	GlobalSection(ProjectConfigurationPlatforms) = postSolution
		{4BFDF18F-6716-B75B-B295-9B20BB4AC197}.Debug|Any CPU.ActiveCfg = Debug|Any CPU
		{4BFDF18F-6716-B75B-B295-9B20BB4AC197}.Debug|Any CPU.Build.0 = Debug|Any CPU
		{4BFDF18F-6716-B75B-B295-9B20BB4AC197}.Release|Any CPU.ActiveCfg = Release|Any CPU
		{4BFDF18F-6716-B75B-B295-9B20BB4AC197}.Release|Any CPU.Build.0 = Release|Any CPU
	EndGlobalSection
	GlobalSection(SolutionProperties) = preSolution
		HideSolutionNode = FALSE
	EndGlobalSection
	GlobalSection(ExtensibilityGlobals) = postSolution
		SolutionGuid = {C043B2C1-8EF3-4E6F-BC15-5974D7F7C73D}
	EndGlobalSection
EndGlobal
